
Microsoft Visual Studio Solution File, Format Version 11.00
# Visual Studio 2010
Project("{FAE04EC0-301F-11D3-BF4B-00C04F79EFBC}") = "Assembly-CSharp-Editor", "Assembly-CSharp-Editor.csproj", "{7fb7831d-9ea2-f6e0-2c95-25108e048418}"
EndProject
Project("{FAE04EC0-301F-11D3-BF4B-00C04F79EFBC}") = "Assembly-CSharp", "Assembly-CSharp.csproj", "{f6c7d040-4420-597f-c926-1836ef45159c}"
EndProject
Global
	GlobalSection(SolutionConfigurationPlatforms) = preSolution
		Debug|Any CPU = Debug|Any CPU
	EndGlobalSection
	GlobalSection(ProjectConfigurationPlatforms) = postSolution
		{7fb7831d-9ea2-f6e0-2c95-25108e048418}.Debug|Any CPU.ActiveCfg = Debug|Any CPU
		{7fb7831d-9ea2-f6e0-2c95-25108e048418}.Debug|Any CPU.Build.0 = Debug|Any CPU
		{f6c7d040-4420-597f-c926-1836ef45159c}.Debug|Any CPU.ActiveCfg = Debug|Any CPU
		{f6c7d040-4420-597f-c926-1836ef45159c}.Debug|Any CPU.Build.0 = Debug|Any CPU
	EndGlobalSection
	GlobalSection(SolutionProperties) = preSolution
		HideSolutionNode = FALSE
	EndGlobalSection
EndGlobal
